
Microsoft Visual Studio Solution File, Format Version 12.00
# Visual Studio Version 16
VisualStudioVersion = 16.0.29519.87
MinimumVisualStudioVersion = 10.0.40219.1
Project("{FAE04EC0-301F-11D3-BF4B-00C04F79EFBC}") = "DXWebApplication1", "DXWebApplication1\DXWebApplication1.csproj", "{6743B44D-AF65-48B0-A213-2BBCF79F092C}"
EndProject
Global
	GlobalSection(SolutionConfigurationPlatforms) = preSolution
		Debug|Any CPU = Debug|Any CPU
		Release|Any CPU = Release|Any CPU
	EndGlobalSection
	GlobalSection(ProjectConfigurationPlatforms) = postSolution
		{6743B44D-AF65-48B0-A213-2BBCF79F092C}.Debug|Any CPU.ActiveCfg = Debug|Any CPU
		{6743B44D-AF65-48B0-A213-2BBCF79F092C}.Debug|Any CPU.Build.0 = Debug|Any CPU
		{6743B44D-AF65-48B0-A213-2BBCF79F092C}.Release|Any CPU.ActiveCfg = Release|Any CPU
		{6743B44D-AF65-48B0-A213-2BBCF79F092C}.Release|Any CPU.Build.0 = Release|Any CPU
	EndGlobalSection
	GlobalSection(SolutionProperties) = preSolution
		HideSolutionNode = FALSE
	EndGlobalSection
	GlobalSection(ExtensibilityGlobals) = postSolution
		SolutionGuid = {8D28456D-6F24-49F1-AD14-618BC6906122}
	EndGlobalSection
EndGlobal
